<?xml version="1.0" encoding="utf-8"?>
<Project ToolsVersion="4.0" xmlns="http://schemas.microsoft.com/developer/msbuild/2003">
  <ItemGroup>
    <Filter Include="소스 파일">
      <UniqueIdentifier>{4FC737F1-C7A5-4376-A066-2A32D752A2FF}</UniqueIdentifier>
      <Extensions>cpp;c;cc;cxx;c++;cppm;ixx;def;odl;idl;hpj;bat;asm;asmx</Extensions>
    </Filter>
    <Filter Include="헤더 파일">
      <UniqueIdentifier>{93995380-89BD-4b04-88EB-625FBE52EBFB}</UniqueIdentifier>
      <Extensions>h;hh;hpp;hxx;h++;hm;inl;inc;ipp;xsd</Extensions>
    </Filter>
    <Filter Include="리소스 파일">
      <UniqueIdentifier>{67DA6AB6-F800-4c08-8B7A-83BB121AAD01}</UniqueIdentifier>
      <Extensions>rc;ico;cur;bmp;dlg;rc2;rct;bin;rgs;gif;jpg;jpeg;jpe;resx;tiff;tif;png;wav;mfcribbon-ms</Extensions>
    </Filter>
    <Filter Include="헤더 파일\General">
      <UniqueIdentifier>{4be8c6a9-2574-45ef-bf0c-810e678fd5e9}</UniqueIdentifier>
    </Filter>
    <Filter Include="소스 파일\General">
      <UniqueIdentifier>{0b5442c4-2d5a-40cb-aa76-6a31bf46bb43}</UniqueIdentifier>
    </Filter>
    <Filter Include="헤더 파일\System">
      <UniqueIdentifier>{d6978baa-2d88-4ca0-9b06-b258bbd80a95}</UniqueIdentifier>
    </Filter>
    <Filter Include="헤더 파일\Components">
      <UniqueIdentifier>{1841fbbe-5bba-4d66-8d38-75e5699ea0d5}</UniqueIdentifier>
    </Filter>
    <Filter Include="헤더 파일\Graphics">
      <UniqueIdentifier>{f8347abd-c327-495d-9cb2-cc61c0bc68b5}</UniqueIdentifier>
    </Filter>
    <Filter Include="소스 파일\System">
      <UniqueIdentifier>{4643e47e-11ba-4cf8-b3eb-f1a16d1ad936}</UniqueIdentifier>
    </Filter>
    <Filter Include="소스 파일\Graphics">
      <UniqueIdentifier>{d91603ee-1c4a-451e-960d-5247133dc048}</UniqueIdentifier>
    </Filter>
    <Filter Include="소스 파일\Components">
      <UniqueIdentifier>{f8599811-a7f3-4de9-8189-ce07778c188c}</UniqueIdentifier>
    </Filter>
    <Filter Include="쉐이더 파일">
      <UniqueIdentifier>{0b47e7f2-823a-4f0f-8b64-a426487d07c8}</UniqueIdentifier>
    </Filter>
    <Filter Include="쉐이더 파일\Lighting">
      <UniqueIdentifier>{637daf52-ad0c-4018-910f-5ec3416c3f82}</UniqueIdentifier>
    </Filter>
  </ItemGroup>
  <ItemGroup>
    <ClInclude Include="targetver.h">
      <Filter>헤더 파일</Filter>
    </ClInclude>
    <ClInclude Include="Resource.h">
      <Filter>헤더 파일</Filter>
    </ClInclude>
    <ClInclude Include="FinalProject.h">
      <Filter>헤더 파일</Filter>
    </ClInclude>
    <ClInclude Include="Framework.hpp">
      <Filter>헤더 파일\System</Filter>
    </ClInclude>
    <ClInclude Include="GraphicsCore.hpp">
      <Filter>헤더 파일\Graphics</Filter>
    </ClInclude>
    <ClInclude Include="GraphicsPipeline.hpp">
      <Filter>헤더 파일\Graphics</Filter>
    </ClInclude>
    <ClInclude Include="Scene.hpp">
      <Filter>헤더 파일\System</Filter>
    </ClInclude>
    <ClInclude Include="Timer.hpp">
      <Filter>헤더 파일\System</Filter>
    </ClInclude>
    <ClInclude Include="Shader.hpp">
      <Filter>헤더 파일\Graphics</Filter>
    </ClInclude>
    <ClInclude Include="Material.hpp">
      <Filter>헤더 파일\Graphics</Filter>
    </ClInclude>
    <ClInclude Include="GameObject.hpp">
      <Filter>헤더 파일\System</Filter>
    </ClInclude>
    <ClInclude Include="ShaderInput.hpp">
      <Filter>헤더 파일\Graphics</Filter>
    </ClInclude>
    <ClInclude Include="DelegateObjet.hpp">
      <Filter>헤더 파일\Components</Filter>
    </ClInclude>
    <ClInclude Include="PausableObjet.hpp">
      <Filter>헤더 파일\Components</Filter>
    </ClInclude>
    <ClInclude Include="PlayableObjet.hpp">
      <Filter>헤더 파일\Components</Filter>
    </ClInclude>
    <ClInclude Include="WeakSingleton.hpp">
      <Filter>헤더 파일\Components</Filter>
    </ClInclude>
    <ClInclude Include="Arithmetics.hpp">
      <Filter>헤더 파일\General</Filter>
    </ClInclude>
    <ClInclude Include="pch.hpp">
      <Filter>헤더 파일\General</Filter>
    </ClInclude>
    <ClInclude Include="stdafx.h">
      <Filter>헤더 파일\General</Filter>
    </ClInclude>
    <ClInclude Include="Transformer.hpp">
      <Filter>헤더 파일\General</Filter>
    </ClInclude>
    <ClInclude Include="GameEntity.hpp">
      <Filter>헤더 파일\System</Filter>
    </ClInclude>
    <ClInclude Include="Mesh.hpp">
      <Filter>헤더 파일\Graphics</Filter>
    </ClInclude>
    <ClInclude Include="Light.hpp">
      <Filter>헤더 파일\Graphics</Filter>
    </ClInclude>
    <ClInclude Include="Vertex.hpp">
      <Filter>헤더 파일\Graphics</Filter>
    </ClInclude>
    <ClInclude Include="GameCamera.hpp">
      <Filter>헤더 파일\System</Filter>
    </ClInclude>
    <ClInclude Include="Model.hpp">
      <Filter>헤더 파일\Graphics</Filter>
    </ClInclude>
  </ItemGroup>
  <ItemGroup>
    <ClCompile Include="FinalProject.cpp">
      <Filter>소스 파일</Filter>
    </ClCompile>
    <ClCompile Include="Framework.cpp">
      <Filter>소스 파일\System</Filter>
    </ClCompile>
    <ClCompile Include="Timer.cpp">
      <Filter>소스 파일\System</Filter>
    </ClCompile>
    <ClCompile Include="GraphicsCore.cpp">
      <Filter>소스 파일\Graphics</Filter>
    </ClCompile>
    <ClCompile Include="GraphicsPipeline.cpp">
      <Filter>소스 파일\Graphics</Filter>
    </ClCompile>
    <ClCompile Include="Scene.cpp">
      <Filter>소스 파일\System</Filter>
    </ClCompile>
    <ClCompile Include="Shader.cpp">
      <Filter>소스 파일\Graphics</Filter>
    </ClCompile>
    <ClCompile Include="Material.cpp">
      <Filter>소스 파일\Graphics</Filter>
    </ClCompile>
    <ClCompile Include="GameObject.cpp">
      <Filter>소스 파일\System</Filter>
    </ClCompile>
    <ClCompile Include="ShaderInput.cpp">
      <Filter>소스 파일\Graphics</Filter>
    </ClCompile>
    <ClCompile Include="DelegateObjet.cpp">
      <Filter>소스 파일\Components</Filter>
    </ClCompile>
    <ClCompile Include="PausableObjet.cpp">
      <Filter>소스 파일\Components</Filter>
    </ClCompile>
    <ClCompile Include="PlayableObjet.cpp">
      <Filter>소스 파일\Components</Filter>
    </ClCompile>
    <ClCompile Include="WeakSingleton.cpp">
      <Filter>소스 파일\Components</Filter>
    </ClCompile>
    <ClCompile Include="Arithmetics.cpp">
      <Filter>소스 파일\General</Filter>
    </ClCompile>
    <ClCompile Include="pch.cpp">
      <Filter>소스 파일\General</Filter>
    </ClCompile>
    <ClCompile Include="Transformer.cpp">
      <Filter>소스 파일\General</Filter>
    </ClCompile>
    <ClCompile Include="GameEntity.cpp">
      <Filter>소스 파일\System</Filter>
    </ClCompile>
    <ClCompile Include="Mesh.cpp">
      <Filter>소스 파일\Graphics</Filter>
    </ClCompile>
    <ClCompile Include="Light.cpp">
      <Filter>소스 파일\Graphics</Filter>
    </ClCompile>
    <ClCompile Include="Vertex.cpp">
      <Filter>소스 파일\Graphics</Filter>
    </ClCompile>
    <ClCompile Include="GameCamera.cpp">
      <Filter>소스 파일\System</Filter>
    </ClCompile>
    <ClCompile Include="stdafx.cpp">
      <Filter>소스 파일</Filter>
    </ClCompile>
    <ClCompile Include="Model.cpp">
      <Filter>소스 파일\Graphics</Filter>
    </ClCompile>
  </ItemGroup>
  <ItemGroup>
    <ResourceCompile Include="FinalProject.rc">
      <Filter>리소스 파일</Filter>
    </ResourceCompile>
  </ItemGroup>
  <ItemGroup>
    <Image Include="small.ico">
      <Filter>리소스 파일</Filter>
    </Image>
    <Image Include="FinalProject.ico">
      <Filter>리소스 파일</Filter>
    </Image>
  </ItemGroup>
  <ItemGroup>
    <FxCompile Include="PlainPixelShader.hlsl">
      <Filter>쉐이더 파일</Filter>
    </FxCompile>
    <FxCompile Include="PlainVertexShader.hlsl">
      <Filter>쉐이더 파일</Filter>
    </FxCompile>
    <FxCompile Include="PlainShaders.hlsli">
      <Filter>쉐이더 파일</Filter>
    </FxCompile>
    <FxCompile Include="shaders\Basis.hlsli">
      <Filter>쉐이더 파일\Lighting</Filter>
    </FxCompile>
    <FxCompile Include="shaders\Light.hlsli">
      <Filter>쉐이더 파일\Lighting</Filter>
    </FxCompile>
    <FxCompile Include="shaders\PixelShader.hlsl">
      <Filter>쉐이더 파일\Lighting</Filter>
    </FxCompile>
    <FxCompile Include="shaders\VertexShader.hlsl">
      <Filter>쉐이더 파일\Lighting</Filter>
    </FxCompile>
  </ItemGroup>
</Project>