
Microsoft Visual Studio Solution File, Format Version 12.00
# Visual Studio Version 17
VisualStudioVersion = 17.0.32112.339
MinimumVisualStudioVersion = 10.0.40219.1
Project("{8BC9CEB8-8B4A-11D0-8D11-00A0C91BC942}") = "Original", "Homework\Homework.vcxproj", "{94067E58-F758-4CB8-8A12-30D2CBD77DEA}"
EndProject
Project("{8BC9CEB8-8B4A-11D0-8D11-00A0C91BC942}") = "SoftwareRenderer", "SoftwareRenderer\SoftwareRenderer.vcxproj", "{4B086806-982C-423A-AF6C-1B0779308B66}"
EndProject
Project("{8BC9CEB8-8B4A-11D0-8D11-00A0C91BC942}") = "DirectXRenderer", "DirectXRenderer\DirectXRenderer.vcxproj", "{DB98A59F-9A74-43D6-9A27-70F731934FE5}"
EndProject
Global
	GlobalSection(SolutionConfigurationPlatforms) = preSolution
		Debug|x64 = Debug|x64
		Debug|x86 = Debug|x86
		Release|x64 = Release|x64
		Release|x86 = Release|x86
	EndGlobalSection
	GlobalSection(ProjectConfigurationPlatforms) = postSolution
		{94067E58-F758-4CB8-8A12-30D2CBD77DEA}.Debug|x64.ActiveCfg = Debug|x64
		{94067E58-F758-4CB8-8A12-30D2CBD77DEA}.Debug|x64.Build.0 = Debug|x64
		{94067E58-F758-4CB8-8A12-30D2CBD77DEA}.Debug|x86.ActiveCfg = Debug|Win32
		{94067E58-F758-4CB8-8A12-30D2CBD77DEA}.Debug|x86.Build.0 = Debug|Win32
		{94067E58-F758-4CB8-8A12-30D2CBD77DEA}.Release|x64.ActiveCfg = Release|x64
		{94067E58-F758-4CB8-8A12-30D2CBD77DEA}.Release|x64.Build.0 = Release|x64
		{94067E58-F758-4CB8-8A12-30D2CBD77DEA}.Release|x86.ActiveCfg = Release|Win32
		{94067E58-F758-4CB8-8A12-30D2CBD77DEA}.Release|x86.Build.0 = Release|Win32
		{4B086806-982C-423A-AF6C-1B0779308B66}.Debug|x64.ActiveCfg = Debug|x64
		{4B086806-982C-423A-AF6C-1B0779308B66}.Debug|x64.Build.0 = Debug|x64
		{4B086806-982C-423A-AF6C-1B0779308B66}.Debug|x86.ActiveCfg = Debug|Win32
		{4B086806-982C-423A-AF6C-1B0779308B66}.Debug|x86.Build.0 = Debug|Win32
		{4B086806-982C-423A-AF6C-1B0779308B66}.Release|x64.ActiveCfg = Release|x64
		{4B086806-982C-423A-AF6C-1B0779308B66}.Release|x64.Build.0 = Release|x64
		{4B086806-982C-423A-AF6C-1B0779308B66}.Release|x86.ActiveCfg = Release|Win32
		{4B086806-982C-423A-AF6C-1B0779308B66}.Release|x86.Build.0 = Release|Win32
		{DB98A59F-9A74-43D6-9A27-70F731934FE5}.Debug|x64.ActiveCfg = Debug|x64
		{DB98A59F-9A74-43D6-9A27-70F731934FE5}.Debug|x64.Build.0 = Debug|x64
		{DB98A59F-9A74-43D6-9A27-70F731934FE5}.Debug|x86.ActiveCfg = Debug|Win32
		{DB98A59F-9A74-43D6-9A27-70F731934FE5}.Debug|x86.Build.0 = Debug|Win32
		{DB98A59F-9A74-43D6-9A27-70F731934FE5}.Release|x64.ActiveCfg = Release|x64
		{DB98A59F-9A74-43D6-9A27-70F731934FE5}.Release|x64.Build.0 = Release|x64
		{DB98A59F-9A74-43D6-9A27-70F731934FE5}.Release|x86.ActiveCfg = Release|Win32
		{DB98A59F-9A74-43D6-9A27-70F731934FE5}.Release|x86.Build.0 = Release|Win32
	EndGlobalSection
	GlobalSection(SolutionProperties) = preSolution
		HideSolutionNode = FALSE
	EndGlobalSection
	GlobalSection(ExtensibilityGlobals) = postSolution
		SolutionGuid = {E11DC66B-4500-4120-8721-5CDE69DF8332}
	EndGlobalSection
EndGlobal
