<?xml version="1.0" encoding="utf-8"?>
<Project ToolsVersion="4.0" xmlns="http://schemas.microsoft.com/developer/msbuild/2003">
  <ItemGroup>
    <Filter Include="소스 파일">
      <UniqueIdentifier>{4FC737F1-C7A5-4376-A066-2A32D752A2FF}</UniqueIdentifier>
      <Extensions>cpp;c;cc;cxx;def;odl;idl;hpj;bat;asm;asmx</Extensions>
    </Filter>
    <Filter Include="헤더 파일">
      <UniqueIdentifier>{93995380-89BD-4b04-88EB-625FBE52EBFB}</UniqueIdentifier>
      <Extensions>h;hh;hpp;hxx;hm;inl;inc;xsd</Extensions>
    </Filter>
    <Filter Include="리소스 파일">
      <UniqueIdentifier>{67DA6AB6-F800-4c08-8B7A-83BB121AAD01}</UniqueIdentifier>
      <Extensions>rc;ico;cur;bmp;dlg;rc2;rct;bin;rgs;gif;jpg;jpeg;jpe;resx;tiff;tif;png;wav;mfcribbon-ms</Extensions>
    </Filter>
    <Filter Include="헤더 파일\Contents">
      <UniqueIdentifier>{983097be-8647-49a5-9b6e-55f5189e6690}</UniqueIdentifier>
    </Filter>
    <Filter Include="소스 파일\Contents">
      <UniqueIdentifier>{24ee9503-cc86-4c68-afe1-aa092f809492}</UniqueIdentifier>
    </Filter>
    <Filter Include="쉐이더 파일">
      <UniqueIdentifier>{c5acdaa3-2ca2-4b27-8a5c-a99c25ac1f81}</UniqueIdentifier>
    </Filter>
    <Filter Include="헤더 파일\System">
      <UniqueIdentifier>{a6e26c70-9f53-4a7b-b056-4adc7b7708e9}</UniqueIdentifier>
    </Filter>
    <Filter Include="헤더 파일\Generals">
      <UniqueIdentifier>{b29b328e-723d-4677-8f12-479acc150def}</UniqueIdentifier>
    </Filter>
    <Filter Include="헤더 파일\Contents\Stages">
      <UniqueIdentifier>{e2866af2-b704-4e05-ba10-c50c3a1ad4c6}</UniqueIdentifier>
    </Filter>
    <Filter Include="소스 파일\Contents\Stages">
      <UniqueIdentifier>{7fbc34aa-37db-4316-a4b6-a59478f0a56c}</UniqueIdentifier>
    </Filter>
    <Filter Include="소스 파일\Graphics">
      <UniqueIdentifier>{fd9417a5-1838-4bb0-b423-8383eb822a18}</UniqueIdentifier>
    </Filter>
    <Filter Include="헤더 파일\Graphics">
      <UniqueIdentifier>{29117785-16d0-4fbb-9dc4-67dd9038f9a4}</UniqueIdentifier>
    </Filter>
  </ItemGroup>
  <ItemGroup>
    <ClInclude Include="targetver.h">
      <Filter>헤더 파일</Filter>
    </ClInclude>
    <ClInclude Include="Resource.h">
      <Filter>헤더 파일</Filter>
    </ClInclude>
    <ClInclude Include="DirectX.hpp">
      <Filter>헤더 파일</Filter>
    </ClInclude>
    <ClInclude Include="Terrains.hpp">
      <Filter>헤더 파일\Contents</Filter>
    </ClInclude>
    <ClInclude Include="GameFramework.h">
      <Filter>헤더 파일\System</Filter>
    </ClInclude>
    <ClInclude Include="IlluminatedScene.hpp">
      <Filter>헤더 파일\System</Filter>
    </ClInclude>
    <ClInclude Include="Player.h">
      <Filter>헤더 파일\Contents</Filter>
    </ClInclude>
    <ClInclude Include="Scene.h">
      <Filter>헤더 파일\System</Filter>
    </ClInclude>
    <ClInclude Include="Object.h">
      <Filter>헤더 파일\System</Filter>
    </ClInclude>
    <ClInclude Include="Camera.h">
      <Filter>헤더 파일\System</Filter>
    </ClInclude>
    <ClInclude Include="Arithmetics.hpp">
      <Filter>헤더 파일\Generals</Filter>
    </ClInclude>
    <ClInclude Include="pch.hpp">
      <Filter>헤더 파일\Generals</Filter>
    </ClInclude>
    <ClInclude Include="stdafx.h">
      <Filter>헤더 파일\Generals</Filter>
    </ClInclude>
    <ClInclude Include="StageGame.hpp">
      <Filter>헤더 파일\Contents\Stages</Filter>
    </ClInclude>
    <ClInclude Include="StageGameEnd.hpp">
      <Filter>헤더 파일\Contents\Stages</Filter>
    </ClInclude>
    <ClInclude Include="StageMain.hpp">
      <Filter>헤더 파일\Contents\Stages</Filter>
    </ClInclude>
    <ClInclude Include="Transformer.hpp">
      <Filter>헤더 파일\Generals</Filter>
    </ClInclude>
    <ClInclude Include="GameObject.hpp">
      <Filter>헤더 파일\System</Filter>
    </ClInclude>
    <ClInclude Include="Obstacles.hpp">
      <Filter>헤더 파일\Contents</Filter>
    </ClInclude>
    <ClInclude Include="Vehicles.hpp">
      <Filter>헤더 파일\Contents</Filter>
    </ClInclude>
    <ClInclude Include="Light.hpp">
      <Filter>헤더 파일\Graphics</Filter>
    </ClInclude>
    <ClInclude Include="Material.hpp">
      <Filter>헤더 파일\Graphics</Filter>
    </ClInclude>
    <ClInclude Include="Mesh.h">
      <Filter>헤더 파일\Graphics</Filter>
    </ClInclude>
    <ClInclude Include="Model.hpp">
      <Filter>헤더 파일\Graphics</Filter>
    </ClInclude>
    <ClInclude Include="BasicScene.hpp">
      <Filter>헤더 파일\System</Filter>
    </ClInclude>
    <ClInclude Include="Vertex.hpp">
      <Filter>헤더 파일</Filter>
    </ClInclude>
    <ClInclude Include="Timer.h">
      <Filter>헤더 파일\System</Filter>
    </ClInclude>
    <ClInclude Include="Shader.hpp">
      <Filter>헤더 파일\Graphics</Filter>
    </ClInclude>
    <ClInclude Include="IlluminatedGraphicsPipeline.hpp">
      <Filter>헤더 파일</Filter>
    </ClInclude>
    <ClInclude Include="Pipeline.hpp">
      <Filter>헤더 파일\Graphics</Filter>
    </ClInclude>
  </ItemGroup>
  <ItemGroup>
    <ClCompile Include="stdafx.cpp">
      <Filter>소스 파일</Filter>
    </ClCompile>
    <ClCompile Include="DirectX.cpp">
      <Filter>소스 파일</Filter>
    </ClCompile>
    <ClCompile Include="Camera.cpp">
      <Filter>소스 파일</Filter>
    </ClCompile>
    <ClCompile Include="GameFramework.cpp">
      <Filter>소스 파일</Filter>
    </ClCompile>
    <ClCompile Include="Object.cpp">
      <Filter>소스 파일</Filter>
    </ClCompile>
    <ClCompile Include="Scene.cpp">
      <Filter>소스 파일</Filter>
    </ClCompile>
    <ClCompile Include="Timer.cpp">
      <Filter>소스 파일</Filter>
    </ClCompile>
    <ClCompile Include="Arithmetics.cpp">
      <Filter>소스 파일</Filter>
    </ClCompile>
    <ClCompile Include="pch.cpp">
      <Filter>소스 파일</Filter>
    </ClCompile>
    <ClCompile Include="Model.cpp">
      <Filter>소스 파일</Filter>
    </ClCompile>
    <ClCompile Include="Terrains.cpp">
      <Filter>소스 파일\Contents</Filter>
    </ClCompile>
    <ClCompile Include="IlluminatedScene.cpp">
      <Filter>소스 파일</Filter>
    </ClCompile>
    <ClCompile Include="Player.cpp">
      <Filter>소스 파일\Contents</Filter>
    </ClCompile>
    <ClCompile Include="StageGame.cpp">
      <Filter>소스 파일\Contents\Stages</Filter>
    </ClCompile>
    <ClCompile Include="StageGameEnd.cpp">
      <Filter>소스 파일\Contents\Stages</Filter>
    </ClCompile>
    <ClCompile Include="StageMain.cpp">
      <Filter>소스 파일\Contents\Stages</Filter>
    </ClCompile>
    <ClCompile Include="Transformer.cpp">
      <Filter>소스 파일</Filter>
    </ClCompile>
    <ClCompile Include="Obstacles.cpp">
      <Filter>소스 파일\Contents</Filter>
    </ClCompile>
    <ClCompile Include="Vehicles.cpp">
      <Filter>소스 파일\Contents</Filter>
    </ClCompile>
    <ClCompile Include="BasicScene.cpp">
      <Filter>소스 파일</Filter>
    </ClCompile>
    <ClCompile Include="Light.cpp">
      <Filter>소스 파일\Graphics</Filter>
    </ClCompile>
    <ClCompile Include="Material.cpp">
      <Filter>소스 파일\Graphics</Filter>
    </ClCompile>
    <ClCompile Include="Mesh.cpp">
      <Filter>소스 파일\Graphics</Filter>
    </ClCompile>
    <ClCompile Include="Pipeline.cpp">
      <Filter>소스 파일\Graphics</Filter>
    </ClCompile>
    <ClCompile Include="Vertex.cpp">
      <Filter>소스 파일</Filter>
    </ClCompile>
    <ClCompile Include="Shader.cpp">
      <Filter>소스 파일\Graphics</Filter>
    </ClCompile>
    <ClCompile Include="IlluminatedGraphicsPipeline.cpp">
      <Filter>소스 파일</Filter>
    </ClCompile>
  </ItemGroup>
  <ItemGroup>
    <ResourceCompile Include="myresource.rc">
      <Filter>리소스 파일</Filter>
    </ResourceCompile>
  </ItemGroup>
  <ItemGroup>
    <Image Include="small.ico">
      <Filter>리소스 파일</Filter>
    </Image>
    <Image Include="icon.ico">
      <Filter>리소스 파일</Filter>
    </Image>
  </ItemGroup>
  <ItemGroup>
    <FxCompile Include="Light.hlsli">
      <Filter>쉐이더 파일</Filter>
    </FxCompile>
    <FxCompile Include="VertexShader.hlsl">
      <Filter>쉐이더 파일</Filter>
    </FxCompile>
    <FxCompile Include="PixelShader.hlsl">
      <Filter>쉐이더 파일</Filter>
    </FxCompile>
    <FxCompile Include="Basis.hlsli">
      <Filter>쉐이더 파일</Filter>
    </FxCompile>
  </ItemGroup>
</Project>